
Microsoft Visual Studio Solution File, Format Version 12.00
# Visual Studio 15
VisualStudioVersion = 15.0.28307.852
MinimumVisualStudioVersion = 10.0.40219.1
Project("{FAE04EC0-301F-11D3-BF4B-00C04F79EFBC}") = "MobileAppProject.Android", "MobileAppProject\MobileAppProject.Android\MobileAppProject.Android.csproj", "{ED714596-66AE-4553-B494-2D770730875F}"
EndProject
Project("{FAE04EC0-301F-11D3-BF4B-00C04F79EFBC}") = "MobileAppProject.UWP", "MobileAppProject\MobileAppProject.UWP\MobileAppProject.UWP.csproj", "{7758FA80-09FB-4B46-B0B6-A3DA586AA49A}"
EndProject
Project("{9A19103F-16F7-4668-BE54-9A1E7A4F7556}") = "MobileAppProject", "MobileAppProject\MobileAppProject\MobileAppProject.csproj", "{6A9137CC-73FE-4A5F-9365-A2600ADE78E1}"
EndProject
Project("{FAE04EC0-301F-11D3-BF4B-00C04F79EFBC}") = "MobileAppProject.iOS", "MobileAppProject\MobileAppProject.iOS\MobileAppProject.iOS.csproj", "{DF7993C8-D66A-45CA-9737-898F56345CE1}"
EndProject
Global
	GlobalSection(SolutionConfigurationPlatforms) = preSolution
		Ad-Hoc|Any CPU = Ad-Hoc|Any CPU
		Ad-Hoc|ARM = Ad-Hoc|ARM
		Ad-Hoc|iPhone = Ad-Hoc|iPhone
		Ad-Hoc|iPhoneSimulator = Ad-Hoc|iPhoneSimulator
		Ad-Hoc|x64 = Ad-Hoc|x64
		Ad-Hoc|x86 = Ad-Hoc|x86
		AppStore|Any CPU = AppStore|Any CPU
		AppStore|ARM = AppStore|ARM
		AppStore|iPhone = AppStore|iPhone
		AppStore|iPhoneSimulator = AppStore|iPhoneSimulator
		AppStore|x64 = AppStore|x64
		AppStore|x86 = AppStore|x86
		Debug|Any CPU = Debug|Any CPU
		Debug|ARM = Debug|ARM
		Debug|iPhone = Debug|iPhone
		Debug|iPhoneSimulator = Debug|iPhoneSimulator
		Debug|x64 = Debug|x64
		Debug|x86 = Debug|x86
		Release|Any CPU = Release|Any CPU
		Release|ARM = Release|ARM
		Release|iPhone = Release|iPhone
		Release|iPhoneSimulator = Release|iPhoneSimulator
		Release|x64 = Release|x64
		Release|x86 = Release|x86
	EndGlobalSection
	GlobalSection(ProjectConfigurationPlatforms) = postSolution
		{ED714596-66AE-4553-B494-2D770730875F}.Ad-Hoc|Any CPU.ActiveCfg = Release|Any CPU
		{ED714596-66AE-4553-B494-2D770730875F}.Ad-Hoc|Any CPU.Build.0 = Release|Any CPU
		{ED714596-66AE-4553-B494-2D770730875F}.Ad-Hoc|Any CPU.Deploy.0 = Release|Any CPU
		{ED714596-66AE-4553-B494-2D770730875F}.Ad-Hoc|ARM.ActiveCfg = Release|Any CPU
		{ED714596-66AE-4553-B494-2D770730875F}.Ad-Hoc|ARM.Build.0 = Release|Any CPU
		{ED714596-66AE-4553-B494-2D770730875F}.Ad-Hoc|ARM.Deploy.0 = Release|Any CPU
		{ED714596-66AE-4553-B494-2D770730875F}.Ad-Hoc|iPhone.ActiveCfg = Release|Any CPU
		{ED714596-66AE-4553-B494-2D770730875F}.Ad-Hoc|iPhone.Build.0 = Release|Any CPU
		{ED714596-66AE-4553-B494-2D770730875F}.Ad-Hoc|iPhone.Deploy.0 = Release|Any CPU
		{ED714596-66AE-4553-B494-2D770730875F}.Ad-Hoc|iPhoneSimulator.ActiveCfg = Release|Any CPU
		{ED714596-66AE-4553-B494-2D770730875F}.Ad-Hoc|iPhoneSimulator.Build.0 = Release|Any CPU
		{ED714596-66AE-4553-B494-2D770730875F}.Ad-Hoc|iPhoneSimulator.Deploy.0 = Release|Any CPU
		{ED714596-66AE-4553-B494-2D770730875F}.Ad-Hoc|x64.ActiveCfg = Release|Any CPU
		{ED714596-66AE-4553-B494-2D770730875F}.Ad-Hoc|x64.Build.0 = Release|Any CPU
		{ED714596-66AE-4553-B494-2D770730875F}.Ad-Hoc|x64.Deploy.0 = Release|Any CPU
		{ED714596-66AE-4553-B494-2D770730875F}.Ad-Hoc|x86.ActiveCfg = Release|Any CPU
		{ED714596-66AE-4553-B494-2D770730875F}.Ad-Hoc|x86.Build.0 = Release|Any CPU
		{ED714596-66AE-4553-B494-2D770730875F}.Ad-Hoc|x86.Deploy.0 = Release|Any CPU
		{ED714596-66AE-4553-B494-2D770730875F}.AppStore|Any CPU.ActiveCfg = Release|Any CPU
		{ED714596-66AE-4553-B494-2D770730875F}.AppStore|Any CPU.Build.0 = Release|Any CPU
		{ED714596-66AE-4553-B494-2D770730875F}.AppStore|Any CPU.Deploy.0 = Release|Any CPU
		{ED714596-66AE-4553-B494-2D770730875F}.AppStore|ARM.ActiveCfg = Release|Any CPU
		{ED714596-66AE-4553-B494-2D770730875F}.AppStore|ARM.Build.0 = Release|Any CPU
		{ED714596-66AE-4553-B494-2D770730875F}.AppStore|ARM.Deploy.0 = Release|Any CPU
		{ED714596-66AE-4553-B494-2D770730875F}.AppStore|iPhone.ActiveCfg = Release|Any CPU
		{ED714596-66AE-4553-B494-2D770730875F}.AppStore|iPhone.Build.0 = Release|Any CPU
		{ED714596-66AE-4553-B494-2D770730875F}.AppStore|iPhone.Deploy.0 = Release|Any CPU
		{ED714596-66AE-4553-B494-2D770730875F}.AppStore|iPhoneSimulator.ActiveCfg = Release|Any CPU
		{ED714596-66AE-4553-B494-2D770730875F}.AppStore|iPhoneSimulator.Build.0 = Release|Any CPU
		{ED714596-66AE-4553-B494-2D770730875F}.AppStore|iPhoneSimulator.Deploy.0 = Release|Any CPU
		{ED714596-66AE-4553-B494-2D770730875F}.AppStore|x64.ActiveCfg = Release|Any CPU
		{ED714596-66AE-4553-B494-2D770730875F}.AppStore|x64.Build.0 = Release|Any CPU
		{ED714596-66AE-4553-B494-2D770730875F}.AppStore|x64.Deploy.0 = Release|Any CPU
		{ED714596-66AE-4553-B494-2D770730875F}.AppStore|x86.ActiveCfg = Release|Any CPU
		{ED714596-66AE-4553-B494-2D770730875F}.AppStore|x86.Build.0 = Release|Any CPU
		{ED714596-66AE-4553-B494-2D770730875F}.AppStore|x86.Deploy.0 = Release|Any CPU
		{ED714596-66AE-4553-B494-2D770730875F}.Debug|Any CPU.ActiveCfg = Debug|Any CPU
		{ED714596-66AE-4553-B494-2D770730875F}.Debug|Any CPU.Build.0 = Debug|Any CPU
		{ED714596-66AE-4553-B494-2D770730875F}.Debug|Any CPU.Deploy.0 = Debug|Any CPU
		{ED714596-66AE-4553-B494-2D770730875F}.Debug|ARM.ActiveCfg = Debug|Any CPU
		{ED714596-66AE-4553-B494-2D770730875F}.Debug|ARM.Build.0 = Debug|Any CPU
		{ED714596-66AE-4553-B494-2D770730875F}.Debug|ARM.Deploy.0 = Debug|Any CPU
		{ED714596-66AE-4553-B494-2D770730875F}.Debug|iPhone.ActiveCfg = Debug|Any CPU
		{ED714596-66AE-4553-B494-2D770730875F}.Debug|iPhone.Build.0 = Debug|Any CPU
		{ED714596-66AE-4553-B494-2D770730875F}.Debug|iPhone.Deploy.0 = Debug|Any CPU
		{ED714596-66AE-4553-B494-2D770730875F}.Debug|iPhoneSimulator.ActiveCfg = Debug|Any CPU
		{ED714596-66AE-4553-B494-2D770730875F}.Debug|iPhoneSimulator.Build.0 = Debug|Any CPU
		{ED714596-66AE-4553-B494-2D770730875F}.Debug|iPhoneSimulator.Deploy.0 = Debug|Any CPU
		{ED714596-66AE-4553-B494-2D770730875F}.Debug|x64.ActiveCfg = Debug|Any CPU
		{ED714596-66AE-4553-B494-2D770730875F}.Debug|x64.Build.0 = Debug|Any CPU
		{ED714596-66AE-4553-B494-2D770730875F}.Debug|x64.Deploy.0 = Debug|Any CPU
		{ED714596-66AE-4553-B494-2D770730875F}.Debug|x86.ActiveCfg = Release|Any CPU
		{ED714596-66AE-4553-B494-2D770730875F}.Debug|x86.Build.0 = Release|Any CPU
		{ED714596-66AE-4553-B494-2D770730875F}.Debug|x86.Deploy.0 = Release|Any CPU
		{ED714596-66AE-4553-B494-2D770730875F}.Release|Any CPU.ActiveCfg = Release|Any CPU
		{ED714596-66AE-4553-B494-2D770730875F}.Release|Any CPU.Build.0 = Release|Any CPU
		{ED714596-66AE-4553-B494-2D770730875F}.Release|Any CPU.Deploy.0 = Release|Any CPU
		{ED714596-66AE-4553-B494-2D770730875F}.Release|ARM.ActiveCfg = Release|Any CPU
		{ED714596-66AE-4553-B494-2D770730875F}.Release|ARM.Build.0 = Release|Any CPU
		{ED714596-66AE-4553-B494-2D770730875F}.Release|ARM.Deploy.0 = Release|Any CPU
		{ED714596-66AE-4553-B494-2D770730875F}.Release|iPhone.ActiveCfg = Release|Any CPU
		{ED714596-66AE-4553-B494-2D770730875F}.Release|iPhone.Build.0 = Release|Any CPU
		{ED714596-66AE-4553-B494-2D770730875F}.Release|iPhone.Deploy.0 = Release|Any CPU
		{ED714596-66AE-4553-B494-2D770730875F}.Release|iPhoneSimulator.ActiveCfg = Release|Any CPU
		{ED714596-66AE-4553-B494-2D770730875F}.Release|iPhoneSimulator.Build.0 = Release|Any CPU
		{ED714596-66AE-4553-B494-2D770730875F}.Release|iPhoneSimulator.Deploy.0 = Release|Any CPU
		{ED714596-66AE-4553-B494-2D770730875F}.Release|x64.ActiveCfg = Release|Any CPU
		{ED714596-66AE-4553-B494-2D770730875F}.Release|x64.Build.0 = Release|Any CPU
		{ED714596-66AE-4553-B494-2D770730875F}.Release|x64.Deploy.0 = Release|Any CPU
		{ED714596-66AE-4553-B494-2D770730875F}.Release|x86.ActiveCfg = Release|Any CPU
		{ED714596-66AE-4553-B494-2D770730875F}.Release|x86.Build.0 = Release|Any CPU
		{ED714596-66AE-4553-B494-2D770730875F}.Release|x86.Deploy.0 = Release|Any CPU
		{7758FA80-09FB-4B46-B0B6-A3DA586AA49A}.Ad-Hoc|Any CPU.ActiveCfg = Release|x64
		{7758FA80-09FB-4B46-B0B6-A3DA586AA49A}.Ad-Hoc|Any CPU.Build.0 = Release|x64
		{7758FA80-09FB-4B46-B0B6-A3DA586AA49A}.Ad-Hoc|Any CPU.Deploy.0 = Release|x64
		{7758FA80-09FB-4B46-B0B6-A3DA586AA49A}.Ad-Hoc|ARM.ActiveCfg = Release|ARM
		{7758FA80-09FB-4B46-B0B6-A3DA586AA49A}.Ad-Hoc|ARM.Build.0 = Release|ARM
		{7758FA80-09FB-4B46-B0B6-A3DA586AA49A}.Ad-Hoc|ARM.Deploy.0 = Release|ARM
		{7758FA80-09FB-4B46-B0B6-A3DA586AA49A}.Ad-Hoc|iPhone.ActiveCfg = Release|x64
		{7758FA80-09FB-4B46-B0B6-A3DA586AA49A}.Ad-Hoc|iPhone.Build.0 = Release|x64
		{7758FA80-09FB-4B46-B0B6-A3DA586AA49A}.Ad-Hoc|iPhone.Deploy.0 = Release|x64
		{7758FA80-09FB-4B46-B0B6-A3DA586AA49A}.Ad-Hoc|iPhoneSimulator.ActiveCfg = Release|x64
		{7758FA80-09FB-4B46-B0B6-A3DA586AA49A}.Ad-Hoc|iPhoneSimulator.Build.0 = Release|x64
		{7758FA80-09FB-4B46-B0B6-A3DA586AA49A}.Ad-Hoc|iPhoneSimulator.Deploy.0 = Release|x64
		{7758FA80-09FB-4B46-B0B6-A3DA586AA49A}.Ad-Hoc|x64.ActiveCfg = Release|x64
		{7758FA80-09FB-4B46-B0B6-A3DA586AA49A}.Ad-Hoc|x64.Build.0 = Release|x64
		{7758FA80-09FB-4B46-B0B6-A3DA586AA49A}.Ad-Hoc|x64.Deploy.0 = Release|x64
		{7758FA80-09FB-4B46-B0B6-A3DA586AA49A}.Ad-Hoc|x86.ActiveCfg = Release|x86
		{7758FA80-09FB-4B46-B0B6-A3DA586AA49A}.Ad-Hoc|x86.Build.0 = Release|x86
		{7758FA80-09FB-4B46-B0B6-A3DA586AA49A}.Ad-Hoc|x86.Deploy.0 = Release|x86
		{7758FA80-09FB-4B46-B0B6-A3DA586AA49A}.AppStore|Any CPU.ActiveCfg = Release|x64
		{7758FA80-09FB-4B46-B0B6-A3DA586AA49A}.AppStore|Any CPU.Build.0 = Release|x64
		{7758FA80-09FB-4B46-B0B6-A3DA586AA49A}.AppStore|Any CPU.Deploy.0 = Release|x64
		{7758FA80-09FB-4B46-B0B6-A3DA586AA49A}.AppStore|ARM.ActiveCfg = Release|ARM
		{7758FA80-09FB-4B46-B0B6-A3DA586AA49A}.AppStore|ARM.Build.0 = Release|ARM
		{7758FA80-09FB-4B46-B0B6-A3DA586AA49A}.AppStore|ARM.Deploy.0 = Release|ARM
		{7758FA80-09FB-4B46-B0B6-A3DA586AA49A}.AppStore|iPhone.ActiveCfg = Release|x64
		{7758FA80-09FB-4B46-B0B6-A3DA586AA49A}.AppStore|iPhone.Build.0 = Release|x64
		{7758FA80-09FB-4B46-B0B6-A3DA586AA49A}.AppStore|iPhone.Deploy.0 = Release|x64
		{7758FA80-09FB-4B46-B0B6-A3DA586AA49A}.AppStore|iPhoneSimulator.ActiveCfg = Release|x64
		{7758FA80-09FB-4B46-B0B6-A3DA586AA49A}.AppStore|iPhoneSimulator.Build.0 = Release|x64
		{7758FA80-09FB-4B46-B0B6-A3DA586AA49A}.AppStore|iPhoneSimulator.Deploy.0 = Release|x64
		{7758FA80-09FB-4B46-B0B6-A3DA586AA49A}.AppStore|x64.ActiveCfg = Release|x64
		{7758FA80-09FB-4B46-B0B6-A3DA586AA49A}.AppStore|x64.Build.0 = Release|x64
		{7758FA80-09FB-4B46-B0B6-A3DA586AA49A}.AppStore|x64.Deploy.0 = Release|x64
		{7758FA80-09FB-4B46-B0B6-A3DA586AA49A}.AppStore|x86.ActiveCfg = Release|x86
		{7758FA80-09FB-4B46-B0B6-A3DA586AA49A}.AppStore|x86.Build.0 = Release|x86
		{7758FA80-09FB-4B46-B0B6-A3DA586AA49A}.AppStore|x86.Deploy.0 = Release|x86
		{7758FA80-09FB-4B46-B0B6-A3DA586AA49A}.Debug|Any CPU.ActiveCfg = Debug|x86
		{7758FA80-09FB-4B46-B0B6-A3DA586AA49A}.Debug|Any CPU.Build.0 = Debug|x86
		{7758FA80-09FB-4B46-B0B6-A3DA586AA49A}.Debug|Any CPU.Deploy.0 = Debug|x86
		{7758FA80-09FB-4B46-B0B6-A3DA586AA49A}.Debug|ARM.ActiveCfg = Debug|ARM
		{7758FA80-09FB-4B46-B0B6-A3DA586AA49A}.Debug|ARM.Build.0 = Debug|ARM
		{7758FA80-09FB-4B46-B0B6-A3DA586AA49A}.Debug|ARM.Deploy.0 = Debug|ARM
		{7758FA80-09FB-4B46-B0B6-A3DA586AA49A}.Debug|iPhone.ActiveCfg = Debug|x86
		{7758FA80-09FB-4B46-B0B6-A3DA586AA49A}.Debug|iPhoneSimulator.ActiveCfg = Debug|x86
		{7758FA80-09FB-4B46-B0B6-A3DA586AA49A}.Debug|x64.ActiveCfg = Debug|x64
		{7758FA80-09FB-4B46-B0B6-A3DA586AA49A}.Debug|x64.Build.0 = Debug|x64
		{7758FA80-09FB-4B46-B0B6-A3DA586AA49A}.Debug|x64.Deploy.0 = Debug|x64
		{7758FA80-09FB-4B46-B0B6-A3DA586AA49A}.Debug|x86.ActiveCfg = Release|x86
		{7758FA80-09FB-4B46-B0B6-A3DA586AA49A}.Debug|x86.Build.0 = Release|x86
		{7758FA80-09FB-4B46-B0B6-A3DA586AA49A}.Debug|x86.Deploy.0 = Release|x86
		{7758FA80-09FB-4B46-B0B6-A3DA586AA49A}.Release|Any CPU.ActiveCfg = Release|x86
		{7758FA80-09FB-4B46-B0B6-A3DA586AA49A}.Release|Any CPU.Build.0 = Release|x86
		{7758FA80-09FB-4B46-B0B6-A3DA586AA49A}.Release|Any CPU.Deploy.0 = Release|x86
		{7758FA80-09FB-4B46-B0B6-A3DA586AA49A}.Release|ARM.ActiveCfg = Release|ARM
		{7758FA80-09FB-4B46-B0B6-A3DA586AA49A}.Release|ARM.Build.0 = Release|ARM
		{7758FA80-09FB-4B46-B0B6-A3DA586AA49A}.Release|ARM.Deploy.0 = Release|ARM
		{7758FA80-09FB-4B46-B0B6-A3DA586AA49A}.Release|iPhone.ActiveCfg = Release|x86
		{7758FA80-09FB-4B46-B0B6-A3DA586AA49A}.Release|iPhoneSimulator.ActiveCfg = Release|x86
		{7758FA80-09FB-4B46-B0B6-A3DA586AA49A}.Release|x64.ActiveCfg = Release|x64
		{7758FA80-09FB-4B46-B0B6-A3DA586AA49A}.Release|x64.Build.0 = Release|x64
		{7758FA80-09FB-4B46-B0B6-A3DA586AA49A}.Release|x64.Deploy.0 = Release|x64
		{7758FA80-09FB-4B46-B0B6-A3DA586AA49A}.Release|x86.ActiveCfg = Release|x86
		{7758FA80-09FB-4B46-B0B6-A3DA586AA49A}.Release|x86.Build.0 = Release|x86
		{7758FA80-09FB-4B46-B0B6-A3DA586AA49A}.Release|x86.Deploy.0 = Release|x86
		{6A9137CC-73FE-4A5F-9365-A2600ADE78E1}.Ad-Hoc|Any CPU.ActiveCfg = Release|Any CPU
		{6A9137CC-73FE-4A5F-9365-A2600ADE78E1}.Ad-Hoc|Any CPU.Build.0 = Release|Any CPU
		{6A9137CC-73FE-4A5F-9365-A2600ADE78E1}.Ad-Hoc|ARM.ActiveCfg = Release|Any CPU
		{6A9137CC-73FE-4A5F-9365-A2600ADE78E1}.Ad-Hoc|ARM.Build.0 = Release|Any CPU
		{6A9137CC-73FE-4A5F-9365-A2600ADE78E1}.Ad-Hoc|iPhone.ActiveCfg = Release|Any CPU
		{6A9137CC-73FE-4A5F-9365-A2600ADE78E1}.Ad-Hoc|iPhone.Build.0 = Release|Any CPU
		{6A9137CC-73FE-4A5F-9365-A2600ADE78E1}.Ad-Hoc|iPhoneSimulator.ActiveCfg = Release|Any CPU
		{6A9137CC-73FE-4A5F-9365-A2600ADE78E1}.Ad-Hoc|iPhoneSimulator.Build.0 = Release|Any CPU
		{6A9137CC-73FE-4A5F-9365-A2600ADE78E1}.Ad-Hoc|x64.ActiveCfg = Release|Any CPU
		{6A9137CC-73FE-4A5F-9365-A2600ADE78E1}.Ad-Hoc|x64.Build.0 = Release|Any CPU
		{6A9137CC-73FE-4A5F-9365-A2600ADE78E1}.Ad-Hoc|x86.ActiveCfg = Release|Any CPU
		{6A9137CC-73FE-4A5F-9365-A2600ADE78E1}.Ad-Hoc|x86.Build.0 = Release|Any CPU
		{6A9137CC-73FE-4A5F-9365-A2600ADE78E1}.AppStore|Any CPU.ActiveCfg = Release|Any CPU
		{6A9137CC-73FE-4A5F-9365-A2600ADE78E1}.AppStore|Any CPU.Build.0 = Release|Any CPU
		{6A9137CC-73FE-4A5F-9365-A2600ADE78E1}.AppStore|ARM.ActiveCfg = Release|Any CPU
		{6A9137CC-73FE-4A5F-9365-A2600ADE78E1}.AppStore|ARM.Build.0 = Release|Any CPU
		{6A9137CC-73FE-4A5F-9365-A2600ADE78E1}.AppStore|iPhone.ActiveCfg = Release|Any CPU
		{6A9137CC-73FE-4A5F-9365-A2600ADE78E1}.AppStore|iPhone.Build.0 = Release|Any CPU
		{6A9137CC-73FE-4A5F-9365-A2600ADE78E1}.AppStore|iPhoneSimulator.ActiveCfg = Release|Any CPU
		{6A9137CC-73FE-4A5F-9365-A2600ADE78E1}.AppStore|iPhoneSimulator.Build.0 = Release|Any CPU
		{6A9137CC-73FE-4A5F-9365-A2600ADE78E1}.AppStore|x64.ActiveCfg = Release|Any CPU
		{6A9137CC-73FE-4A5F-9365-A2600ADE78E1}.AppStore|x64.Build.0 = Release|Any CPU
		{6A9137CC-73FE-4A5F-9365-A2600ADE78E1}.AppStore|x86.ActiveCfg = Release|Any CPU
		{6A9137CC-73FE-4A5F-9365-A2600ADE78E1}.AppStore|x86.Build.0 = Release|Any CPU
		{6A9137CC-73FE-4A5F-9365-A2600ADE78E1}.Debug|Any CPU.ActiveCfg = Debug|Any CPU
		{6A9137CC-73FE-4A5F-9365-A2600ADE78E1}.Debug|Any CPU.Build.0 = Debug|Any CPU
		{6A9137CC-73FE-4A5F-9365-A2600ADE78E1}.Debug|Any CPU.Deploy.0 = Debug|Any CPU
		{6A9137CC-73FE-4A5F-9365-A2600ADE78E1}.Debug|ARM.ActiveCfg = Debug|Any CPU
		{6A9137CC-73FE-4A5F-9365-A2600ADE78E1}.Debug|ARM.Build.0 = Debug|Any CPU
		{6A9137CC-73FE-4A5F-9365-A2600ADE78E1}.Debug|ARM.Deploy.0 = Debug|Any CPU
		{6A9137CC-73FE-4A5F-9365-A2600ADE78E1}.Debug|iPhone.ActiveCfg = Debug|Any CPU
		{6A9137CC-73FE-4A5F-9365-A2600ADE78E1}.Debug|iPhone.Build.0 = Debug|Any CPU
		{6A9137CC-73FE-4A5F-9365-A2600ADE78E1}.Debug|iPhoneSimulator.ActiveCfg = Debug|Any CPU
		{6A9137CC-73FE-4A5F-9365-A2600ADE78E1}.Debug|iPhoneSimulator.Build.0 = Debug|Any CPU
		{6A9137CC-73FE-4A5F-9365-A2600ADE78E1}.Debug|x64.ActiveCfg = Debug|Any CPU
		{6A9137CC-73FE-4A5F-9365-A2600ADE78E1}.Debug|x64.Build.0 = Debug|Any CPU
		{6A9137CC-73FE-4A5F-9365-A2600ADE78E1}.Debug|x64.Deploy.0 = Debug|Any CPU
		{6A9137CC-73FE-4A5F-9365-A2600ADE78E1}.Debug|x86.ActiveCfg = Release|Any CPU
		{6A9137CC-73FE-4A5F-9365-A2600ADE78E1}.Debug|x86.Build.0 = Release|Any CPU
		{6A9137CC-73FE-4A5F-9365-A2600ADE78E1}.Debug|x86.Deploy.0 = Debug|Any CPU
		{6A9137CC-73FE-4A5F-9365-A2600ADE78E1}.Release|Any CPU.ActiveCfg = Release|Any CPU
		{6A9137CC-73FE-4A5F-9365-A2600ADE78E1}.Release|Any CPU.Build.0 = Release|Any CPU
		{6A9137CC-73FE-4A5F-9365-A2600ADE78E1}.Release|Any CPU.Deploy.0 = Release|Any CPU
		{6A9137CC-73FE-4A5F-9365-A2600ADE78E1}.Release|ARM.ActiveCfg = Release|Any CPU
		{6A9137CC-73FE-4A5F-9365-A2600ADE78E1}.Release|ARM.Build.0 = Release|Any CPU
		{6A9137CC-73FE-4A5F-9365-A2600ADE78E1}.Release|ARM.Deploy.0 = Release|Any CPU
		{6A9137CC-73FE-4A5F-9365-A2600ADE78E1}.Release|iPhone.ActiveCfg = Release|Any CPU
		{6A9137CC-73FE-4A5F-9365-A2600ADE78E1}.Release|iPhone.Build.0 = Release|Any CPU
		{6A9137CC-73FE-4A5F-9365-A2600ADE78E1}.Release|iPhoneSimulator.ActiveCfg = Release|Any CPU
		{6A9137CC-73FE-4A5F-9365-A2600ADE78E1}.Release|iPhoneSimulator.Build.0 = Release|Any CPU
		{6A9137CC-73FE-4A5F-9365-A2600ADE78E1}.Release|x64.ActiveCfg = Release|Any CPU
		{6A9137CC-73FE-4A5F-9365-A2600ADE78E1}.Release|x64.Build.0 = Release|Any CPU
		{6A9137CC-73FE-4A5F-9365-A2600ADE78E1}.Release|x64.Deploy.0 = Release|Any CPU
		{6A9137CC-73FE-4A5F-9365-A2600ADE78E1}.Release|x86.ActiveCfg = Release|Any CPU
		{6A9137CC-73FE-4A5F-9365-A2600ADE78E1}.Release|x86.Build.0 = Release|Any CPU
		{6A9137CC-73FE-4A5F-9365-A2600ADE78E1}.Release|x86.Deploy.0 = Release|Any CPU
		{DF7993C8-D66A-45CA-9737-898F56345CE1}.Ad-Hoc|Any CPU.ActiveCfg = Ad-Hoc|iPhone
		{DF7993C8-D66A-45CA-9737-898F56345CE1}.Ad-Hoc|ARM.ActiveCfg = Ad-Hoc|iPhone
		{DF7993C8-D66A-45CA-9737-898F56345CE1}.Ad-Hoc|iPhone.ActiveCfg = Ad-Hoc|iPhone
		{DF7993C8-D66A-45CA-9737-898F56345CE1}.Ad-Hoc|iPhone.Build.0 = Ad-Hoc|iPhone
		{DF7993C8-D66A-45CA-9737-898F56345CE1}.Ad-Hoc|iPhoneSimulator.ActiveCfg = Ad-Hoc|iPhoneSimulator
		{DF7993C8-D66A-45CA-9737-898F56345CE1}.Ad-Hoc|iPhoneSimulator.Build.0 = Ad-Hoc|iPhoneSimulator
		{DF7993C8-D66A-45CA-9737-898F56345CE1}.Ad-Hoc|x64.ActiveCfg = Ad-Hoc|iPhone
		{DF7993C8-D66A-45CA-9737-898F56345CE1}.Ad-Hoc|x86.ActiveCfg = Release|iPhoneSimulator
		{DF7993C8-D66A-45CA-9737-898F56345CE1}.AppStore|Any CPU.ActiveCfg = AppStore|iPhone
		{DF7993C8-D66A-45CA-9737-898F56345CE1}.AppStore|ARM.ActiveCfg = AppStore|iPhone
		{DF7993C8-D66A-45CA-9737-898F56345CE1}.AppStore|iPhone.ActiveCfg = AppStore|iPhone
		{DF7993C8-D66A-45CA-9737-898F56345CE1}.AppStore|iPhone.Build.0 = AppStore|iPhone
		{DF7993C8-D66A-45CA-9737-898F56345CE1}.AppStore|iPhoneSimulator.ActiveCfg = AppStore|iPhoneSimulator
		{DF7993C8-D66A-45CA-9737-898F56345CE1}.AppStore|iPhoneSimulator.Build.0 = AppStore|iPhoneSimulator
		{DF7993C8-D66A-45CA-9737-898F56345CE1}.AppStore|x64.ActiveCfg = AppStore|iPhone
		{DF7993C8-D66A-45CA-9737-898F56345CE1}.AppStore|x86.ActiveCfg = Release|iPhoneSimulator
		{DF7993C8-D66A-45CA-9737-898F56345CE1}.Debug|Any CPU.ActiveCfg = Debug|iPhone
		{DF7993C8-D66A-45CA-9737-898F56345CE1}.Debug|ARM.ActiveCfg = Debug|iPhone
		{DF7993C8-D66A-45CA-9737-898F56345CE1}.Debug|iPhone.ActiveCfg = Debug|iPhone
		{DF7993C8-D66A-45CA-9737-898F56345CE1}.Debug|iPhone.Build.0 = Debug|iPhone
		{DF7993C8-D66A-45CA-9737-898F56345CE1}.Debug|iPhoneSimulator.ActiveCfg = Debug|iPhoneSimulator
		{DF7993C8-D66A-45CA-9737-898F56345CE1}.Debug|iPhoneSimulator.Build.0 = Debug|iPhoneSimulator
		{DF7993C8-D66A-45CA-9737-898F56345CE1}.Debug|x64.ActiveCfg = Debug|iPhone
		{DF7993C8-D66A-45CA-9737-898F56345CE1}.Debug|x86.ActiveCfg = Release|iPhoneSimulator
		{DF7993C8-D66A-45CA-9737-898F56345CE1}.Release|Any CPU.ActiveCfg = Release|iPhone
		{DF7993C8-D66A-45CA-9737-898F56345CE1}.Release|ARM.ActiveCfg = Release|iPhone
		{DF7993C8-D66A-45CA-9737-898F56345CE1}.Release|iPhone.ActiveCfg = Release|iPhone
		{DF7993C8-D66A-45CA-9737-898F56345CE1}.Release|iPhone.Build.0 = Release|iPhone
		{DF7993C8-D66A-45CA-9737-898F56345CE1}.Release|iPhoneSimulator.ActiveCfg = Release|iPhoneSimulator
		{DF7993C8-D66A-45CA-9737-898F56345CE1}.Release|iPhoneSimulator.Build.0 = Release|iPhoneSimulator
		{DF7993C8-D66A-45CA-9737-898F56345CE1}.Release|x64.ActiveCfg = Release|iPhone
		{DF7993C8-D66A-45CA-9737-898F56345CE1}.Release|x86.ActiveCfg = Release|iPhoneSimulator
		{DF7993C8-D66A-45CA-9737-898F56345CE1}.Release|x86.Build.0 = Release|iPhoneSimulator
	EndGlobalSection
	GlobalSection(SolutionProperties) = preSolution
		HideSolutionNode = FALSE
	EndGlobalSection
	GlobalSection(ExtensibilityGlobals) = postSolution
		SolutionGuid = {0A76E009-2ED2-49D6-853A-5B11DF52794F}
	EndGlobalSection
EndGlobal
